{
  "name": "velum-differential-fuzzing",
  "version": "0.1.0",
  "lockfileVersion": 3,
  "requires": true,
  "packages": {
    "": {
      "name": "velum-differential-fuzzing",
      "version": "0.1.0",
      "license": "MIT",
      "dependencies": {
        "@engine262/engine262": "0.0.1-ebbe12cf2095a69834d266c930c254ffebb4e7c8"
      }
    },
    "node_modules/@engine262/engine262": {
      "version": "0.0.1-ebbe12cf2095a69834d266c930c254ffebb4e7c8",
      "resolved": "https://registry.npmjs.org/@engine262/engine262/-/engine262-0.0.1-ebbe12cf2095a69834d266c930c254ffebb4e7c8.tgz",
      "integrity": "sha512-vDw+WlWL9g8AozlSi2cS30HHUId6kTOlNqhTV1mpHHU2RfgO87Tm3uCA9mmmsj//aOxzgl6p3FTEMJAnmQyQIA==",
      "bin": {
        "engine262": "lib/node/bin.mjs"
      },
      "peerDependencies": {
        "ws": "^8.18.0"
      },
      "peerDependenciesMeta": {
        "ws": {
          "optional": true
        }
      }
    }
  }
}
